
Microsoft Visual Studio Solution File, Format Version 12.00
# Visual Studio Version 17
VisualStudioVersion = 17.14.36623.8
MinimumVisualStudioVersion = 10.0.40219.1
Project("{FAE04EC0-301F-11D3-BF4B-00C04F79EFBC}") = "SistemaInventario", "SistemaInventario\SistemaInventario.csproj", "{77220779-9691-45C4-87AF-2C98FEE55023}"
EndProject
Project("{FAE04EC0-301F-11D3-BF4B-00C04F79EFBC}") = "SistemaInventario.AccesoDatos", "SistemaInventario.AccesoDatos\SistemaInventario.AccesoDatos.csproj", "{670F9746-6838-43E2-87C8-F0EC159B4086}"
EndProject
Project("{FAE04EC0-301F-11D3-BF4B-00C04F79EFBC}") = "SistemaInventario.Modelos", "SistemaInventario.Modelos\SistemaInventario.Modelos.csproj", "{88CF785A-5BA3-42A7-8D51-E97F90861185}"
EndProject
Project("{FAE04EC0-301F-11D3-BF4B-00C04F79EFBC}") = "SistemaInventario.Utilidades", "SistemaInventario.Utilidades\SistemaInventario.Utilidades.csproj", "{77EB9A81-28AA-4547-AF5E-7AFE081335A2}"
EndProject
Global
	GlobalSection(SolutionConfigurationPlatforms) = preSolution
		Debug|Any CPU = Debug|Any CPU
		Release|Any CPU = Release|Any CPU
	EndGlobalSection
	GlobalSection(ProjectConfigurationPlatforms) = postSolution
		{77220779-9691-45C4-87AF-2C98FEE55023}.Debug|Any CPU.ActiveCfg = Debug|Any CPU
		{77220779-9691-45C4-87AF-2C98FEE55023}.Debug|Any CPU.Build.0 = Debug|Any CPU
		{77220779-9691-45C4-87AF-2C98FEE55023}.Release|Any CPU.ActiveCfg = Release|Any CPU
		{77220779-9691-45C4-87AF-2C98FEE55023}.Release|Any CPU.Build.0 = Release|Any CPU
		{670F9746-6838-43E2-87C8-F0EC159B4086}.Debug|Any CPU.ActiveCfg = Debug|Any CPU
		{670F9746-6838-43E2-87C8-F0EC159B4086}.Debug|Any CPU.Build.0 = Debug|Any CPU
		{670F9746-6838-43E2-87C8-F0EC159B4086}.Release|Any CPU.ActiveCfg = Release|Any CPU
		{670F9746-6838-43E2-87C8-F0EC159B4086}.Release|Any CPU.Build.0 = Release|Any CPU
		{88CF785A-5BA3-42A7-8D51-E97F90861185}.Debug|Any CPU.ActiveCfg = Debug|Any CPU
		{88CF785A-5BA3-42A7-8D51-E97F90861185}.Debug|Any CPU.Build.0 = Debug|Any CPU
		{88CF785A-5BA3-42A7-8D51-E97F90861185}.Release|Any CPU.ActiveCfg = Release|Any CPU
		{88CF785A-5BA3-42A7-8D51-E97F90861185}.Release|Any CPU.Build.0 = Release|Any CPU
		{77EB9A81-28AA-4547-AF5E-7AFE081335A2}.Debug|Any CPU.ActiveCfg = Debug|Any CPU
		{77EB9A81-28AA-4547-AF5E-7AFE081335A2}.Debug|Any CPU.Build.0 = Debug|Any CPU
		{77EB9A81-28AA-4547-AF5E-7AFE081335A2}.Release|Any CPU.ActiveCfg = Release|Any CPU
		{77EB9A81-28AA-4547-AF5E-7AFE081335A2}.Release|Any CPU.Build.0 = Release|Any CPU
	EndGlobalSection
	GlobalSection(SolutionProperties) = preSolution
		HideSolutionNode = FALSE
	EndGlobalSection
	GlobalSection(ExtensibilityGlobals) = postSolution
		SolutionGuid = {AAC9D711-F60D-4CE5-B4C2-155035162BC6}
	EndGlobalSection
EndGlobal
